github.com/gvallee/go_exec v1.0.0 h1:43nuopP/x1+34yeZX0Z/tv7eI68SgLDwHygQMwVtAkE=
github.com/gvallee/go_exec v1.0.0/go.mod h1:s9fSkVniLYlQUZb99zuioVH45nkvnYxw6vmGEaZCUPk=
github.com/gvallee/go_util v1.1.0 h1:qSwjCPTejJ8zbhFmpJ3WQtzpNOHWQwc4ijFsTbCJK7s=
github.com/gvallee/go_util v1.1.0/go.mod h1:fTexpwdH/n05Ziu0TXJIQsr7E+46QpBxNdeOOsyC0/s=
